
Microsoft Visual Studio Solution File, Format Version 12.00
# Visual Studio Version 17
VisualStudioVersion = 17.3.32929.385
MinimumVisualStudioVersion = 10.0.40219.1
Project("{8BC9CEB8-8B4A-11D0-8D11-00A0C91BC942}") = "Project2", "Project2\Project2.vcxproj", "{3088EFD8-311E-472D-9CE7-BAF6B1B13AE4}"
EndProject
Project("{8BC9CEB8-8B4A-11D0-8D11-00A0C91BC942}") = "Project 1", "..\..\..\Documents\P1\Project 1\Project 1\Project 1.vcxproj", "{84A65686-EEDA-4908-B699-8D57E9C919B9}"
EndProject
Project("{8BC9CEB8-8B4A-11D0-8D11-00A0C91BC942}") = "Lab 2", "..\Lab 2\Lab 2\Lab 2\Lab 2.vcxproj", "{9EEE623C-675F-4542-99A2-866363075C7B}"
EndProject
Project("{8BC9CEB8-8B4A-11D0-8D11-00A0C91BC942}") = "Lab 3", "..\Lab 3\Lab 3\Lab 3\Lab 3.vcxproj", "{293BAE78-B3D4-4C46-B1BD-BF55716C9F09}"
EndProject
Project("{8BC9CEB8-8B4A-11D0-8D11-00A0C91BC942}") = "Lab4", "..\Lab4\Lab4\Lab4.vcxproj", "{63E34B4E-CA0E-4DD4-A3CD-68216E228187}"
EndProject
Project("{8BC9CEB8-8B4A-11D0-8D11-00A0C91BC942}") = "Lab5", "..\Lab5\Lab5\Lab5.vcxproj", "{6F235EC4-4607-4FA7-94DE-95C98A9766AE}"
EndProject
Project("{8BC9CEB8-8B4A-11D0-8D11-00A0C91BC942}") = "Lab6", "..\Lab6\Lab6.vcxproj", "{0051B860-026D-4033-835B-EB682362598E}"
EndProject
Project("{8BC9CEB8-8B4A-11D0-8D11-00A0C91BC942}") = "Lab7", "..\Lab7\Lab7.vcxproj", "{BC0E15E7-7B97-4373-BB59-72242A94FB80}"
EndProject
Project("{8BC9CEB8-8B4A-11D0-8D11-00A0C91BC942}") = "Project3", "..\Project3\Project3.vcxproj", "{16B49981-6E39-41F2-A3E7-B0E990157254}"
EndProject
Project("{8BC9CEB8-8B4A-11D0-8D11-00A0C91BC942}") = "Lab8", "..\Lab8\Lab8.vcxproj", "{A747F641-AF97-42A8-A4F6-BB68E9A4B8A2}"
EndProject
Global
	GlobalSection(SolutionConfigurationPlatforms) = preSolution
		Debug|x64 = Debug|x64
		Debug|x86 = Debug|x86
		Release|x64 = Release|x64
		Release|x86 = Release|x86
	EndGlobalSection
	GlobalSection(ProjectConfigurationPlatforms) = postSolution
		{3088EFD8-311E-472D-9CE7-BAF6B1B13AE4}.Debug|x64.ActiveCfg = Debug|x64
		{3088EFD8-311E-472D-9CE7-BAF6B1B13AE4}.Debug|x64.Build.0 = Debug|x64
		{3088EFD8-311E-472D-9CE7-BAF6B1B13AE4}.Debug|x86.ActiveCfg = Debug|Win32
		{3088EFD8-311E-472D-9CE7-BAF6B1B13AE4}.Debug|x86.Build.0 = Debug|Win32
		{3088EFD8-311E-472D-9CE7-BAF6B1B13AE4}.Release|x64.ActiveCfg = Release|x64
		{3088EFD8-311E-472D-9CE7-BAF6B1B13AE4}.Release|x64.Build.0 = Release|x64
		{3088EFD8-311E-472D-9CE7-BAF6B1B13AE4}.Release|x86.ActiveCfg = Release|Win32
		{3088EFD8-311E-472D-9CE7-BAF6B1B13AE4}.Release|x86.Build.0 = Release|Win32
		{84A65686-EEDA-4908-B699-8D57E9C919B9}.Debug|x64.ActiveCfg = Debug|x64
		{84A65686-EEDA-4908-B699-8D57E9C919B9}.Debug|x64.Build.0 = Debug|x64
		{84A65686-EEDA-4908-B699-8D57E9C919B9}.Debug|x86.ActiveCfg = Debug|Win32
		{84A65686-EEDA-4908-B699-8D57E9C919B9}.Debug|x86.Build.0 = Debug|Win32
		{84A65686-EEDA-4908-B699-8D57E9C919B9}.Release|x64.ActiveCfg = Release|x64
		{84A65686-EEDA-4908-B699-8D57E9C919B9}.Release|x64.Build.0 = Release|x64
		{84A65686-EEDA-4908-B699-8D57E9C919B9}.Release|x86.ActiveCfg = Release|Win32
		{84A65686-EEDA-4908-B699-8D57E9C919B9}.Release|x86.Build.0 = Release|Win32
		{9EEE623C-675F-4542-99A2-866363075C7B}.Debug|x64.ActiveCfg = Debug|x64
		{9EEE623C-675F-4542-99A2-866363075C7B}.Debug|x64.Build.0 = Debug|x64
		{9EEE623C-675F-4542-99A2-866363075C7B}.Debug|x86.ActiveCfg = Debug|Win32
		{9EEE623C-675F-4542-99A2-866363075C7B}.Debug|x86.Build.0 = Debug|Win32
		{9EEE623C-675F-4542-99A2-866363075C7B}.Release|x64.ActiveCfg = Release|x64
		{9EEE623C-675F-4542-99A2-866363075C7B}.Release|x64.Build.0 = Release|x64
		{9EEE623C-675F-4542-99A2-866363075C7B}.Release|x86.ActiveCfg = Release|Win32
		{9EEE623C-675F-4542-99A2-866363075C7B}.Release|x86.Build.0 = Release|Win32
		{293BAE78-B3D4-4C46-B1BD-BF55716C9F09}.Debug|x64.ActiveCfg = Debug|x64
		{293BAE78-B3D4-4C46-B1BD-BF55716C9F09}.Debug|x64.Build.0 = Debug|x64
		{293BAE78-B3D4-4C46-B1BD-BF55716C9F09}.Debug|x86.ActiveCfg = Debug|Win32
		{293BAE78-B3D4-4C46-B1BD-BF55716C9F09}.Debug|x86.Build.0 = Debug|Win32
		{293BAE78-B3D4-4C46-B1BD-BF55716C9F09}.Release|x64.ActiveCfg = Release|x64
		{293BAE78-B3D4-4C46-B1BD-BF55716C9F09}.Release|x64.Build.0 = Release|x64
		{293BAE78-B3D4-4C46-B1BD-BF55716C9F09}.Release|x86.ActiveCfg = Release|Win32
		{293BAE78-B3D4-4C46-B1BD-BF55716C9F09}.Release|x86.Build.0 = Release|Win32
		{63E34B4E-CA0E-4DD4-A3CD-68216E228187}.Debug|x64.ActiveCfg = Debug|x64
		{63E34B4E-CA0E-4DD4-A3CD-68216E228187}.Debug|x64.Build.0 = Debug|x64
		{63E34B4E-CA0E-4DD4-A3CD-68216E228187}.Debug|x86.ActiveCfg = Debug|Win32
		{63E34B4E-CA0E-4DD4-A3CD-68216E228187}.Debug|x86.Build.0 = Debug|Win32
		{63E34B4E-CA0E-4DD4-A3CD-68216E228187}.Release|x64.ActiveCfg = Release|x64
		{63E34B4E-CA0E-4DD4-A3CD-68216E228187}.Release|x64.Build.0 = Release|x64
		{63E34B4E-CA0E-4DD4-A3CD-68216E228187}.Release|x86.ActiveCfg = Release|Win32
		{63E34B4E-CA0E-4DD4-A3CD-68216E228187}.Release|x86.Build.0 = Release|Win32
		{6F235EC4-4607-4FA7-94DE-95C98A9766AE}.Debug|x64.ActiveCfg = Debug|x64
		{6F235EC4-4607-4FA7-94DE-95C98A9766AE}.Debug|x64.Build.0 = Debug|x64
		{6F235EC4-4607-4FA7-94DE-95C98A9766AE}.Debug|x86.ActiveCfg = Debug|Win32
		{6F235EC4-4607-4FA7-94DE-95C98A9766AE}.Debug|x86.Build.0 = Debug|Win32
		{6F235EC4-4607-4FA7-94DE-95C98A9766AE}.Release|x64.ActiveCfg = Release|x64
		{6F235EC4-4607-4FA7-94DE-95C98A9766AE}.Release|x64.Build.0 = Release|x64
		{6F235EC4-4607-4FA7-94DE-95C98A9766AE}.Release|x86.ActiveCfg = Release|Win32
		{6F235EC4-4607-4FA7-94DE-95C98A9766AE}.Release|x86.Build.0 = Release|Win32
		{0051B860-026D-4033-835B-EB682362598E}.Debug|x64.ActiveCfg = Debug|x64
		{0051B860-026D-4033-835B-EB682362598E}.Debug|x64.Build.0 = Debug|x64
		{0051B860-026D-4033-835B-EB682362598E}.Debug|x86.ActiveCfg = Debug|Win32
		{0051B860-026D-4033-835B-EB682362598E}.Debug|x86.Build.0 = Debug|Win32
		{0051B860-026D-4033-835B-EB682362598E}.Release|x64.ActiveCfg = Release|x64
		{0051B860-026D-4033-835B-EB682362598E}.Release|x64.Build.0 = Release|x64
		{0051B860-026D-4033-835B-EB682362598E}.Release|x86.ActiveCfg = Release|Win32
		{0051B860-026D-4033-835B-EB682362598E}.Release|x86.Build.0 = Release|Win32
		{BC0E15E7-7B97-4373-BB59-72242A94FB80}.Debug|x64.ActiveCfg = Debug|x64
		{BC0E15E7-7B97-4373-BB59-72242A94FB80}.Debug|x64.Build.0 = Debug|x64
		{BC0E15E7-7B97-4373-BB59-72242A94FB80}.Debug|x86.ActiveCfg = Debug|Win32
		{BC0E15E7-7B97-4373-BB59-72242A94FB80}.Debug|x86.Build.0 = Debug|Win32
		{BC0E15E7-7B97-4373-BB59-72242A94FB80}.Release|x64.ActiveCfg = Release|x64
		{BC0E15E7-7B97-4373-BB59-72242A94FB80}.Release|x64.Build.0 = Release|x64
		{BC0E15E7-7B97-4373-BB59-72242A94FB80}.Release|x86.ActiveCfg = Release|Win32
		{BC0E15E7-7B97-4373-BB59-72242A94FB80}.Release|x86.Build.0 = Release|Win32
		{16B49981-6E39-41F2-A3E7-B0E990157254}.Debug|x64.ActiveCfg = Debug|x64
		{16B49981-6E39-41F2-A3E7-B0E990157254}.Debug|x64.Build.0 = Debug|x64
		{16B49981-6E39-41F2-A3E7-B0E990157254}.Debug|x86.ActiveCfg = Debug|Win32
		{16B49981-6E39-41F2-A3E7-B0E990157254}.Debug|x86.Build.0 = Debug|Win32
		{16B49981-6E39-41F2-A3E7-B0E990157254}.Release|x64.ActiveCfg = Release|x64
		{16B49981-6E39-41F2-A3E7-B0E990157254}.Release|x64.Build.0 = Release|x64
		{16B49981-6E39-41F2-A3E7-B0E990157254}.Release|x86.ActiveCfg = Release|Win32
		{16B49981-6E39-41F2-A3E7-B0E990157254}.Release|x86.Build.0 = Release|Win32
		{A747F641-AF97-42A8-A4F6-BB68E9A4B8A2}.Debug|x64.ActiveCfg = Debug|x64
		{A747F641-AF97-42A8-A4F6-BB68E9A4B8A2}.Debug|x64.Build.0 = Debug|x64
		{A747F641-AF97-42A8-A4F6-BB68E9A4B8A2}.Debug|x86.ActiveCfg = Debug|Win32
		{A747F641-AF97-42A8-A4F6-BB68E9A4B8A2}.Debug|x86.Build.0 = Debug|Win32
		{A747F641-AF97-42A8-A4F6-BB68E9A4B8A2}.Release|x64.ActiveCfg = Release|x64
		{A747F641-AF97-42A8-A4F6-BB68E9A4B8A2}.Release|x64.Build.0 = Release|x64
		{A747F641-AF97-42A8-A4F6-BB68E9A4B8A2}.Release|x86.ActiveCfg = Release|Win32
		{A747F641-AF97-42A8-A4F6-BB68E9A4B8A2}.Release|x86.Build.0 = Release|Win32
	EndGlobalSection
	GlobalSection(SolutionProperties) = preSolution
		HideSolutionNode = FALSE
	EndGlobalSection
	GlobalSection(ExtensibilityGlobals) = postSolution
		SolutionGuid = {2E3ADD11-38EB-425A-BA23-2A78D3B85BEA}
	EndGlobalSection
EndGlobal
