<?xml version="1.0" encoding="utf-8"?>
<Project ToolsVersion="4.0" xmlns="http://schemas.microsoft.com/developer/msbuild/2003">
  <ItemGroup>
    <Filter Include="Source Files">
      <UniqueIdentifier>{4FC737F1-C7A5-4376-A066-2A32D752A2FF}</UniqueIdentifier>
      <Extensions>cpp;c;cc;cxx;c++;cppm;ixx;def;odl;idl;hpj;bat;asm;asmx</Extensions>
    </Filter>
    <Filter Include="Header Files">
      <UniqueIdentifier>{93995380-89BD-4b04-88EB-625FBE52EBFB}</UniqueIdentifier>
      <Extensions>h;hh;hpp;hxx;h++;hm;inl;inc;ipp;xsd</Extensions>
    </Filter>
    <Filter Include="Resource Files">
      <UniqueIdentifier>{67DA6AB6-F800-4c08-8B7A-83BB121AAD01}</UniqueIdentifier>
      <Extensions>rc;ico;cur;bmp;dlg;rc2;rct;bin;rgs;gif;jpg;jpeg;jpe;resx;tiff;tif;png;wav;mfcribbon-ms</Extensions>
    </Filter>
  </ItemGroup>
  <ItemGroup>
    <ClCompile Include="Minesweeper.cpp">
      <Filter>Source Files</Filter>
    </ClCompile>
    <ClCompile Include="Tile.cpp">
      <Filter>Source Files</Filter>
    </ClCompile>
    <ClCompile Include="random.cpp">
      <Filter>Source Files</Filter>
    </ClCompile>
    <ClCompile Include="TextureManager.cpp">
      <Filter>Source Files</Filter>
    </ClCompile>
  </ItemGroup>
  <ItemGroup>
    <ClInclude Include="Tile.h">
      <Filter>Header Files</Filter>
    </ClInclude>
    <ClInclude Include="random.h">
      <Filter>Header Files</Filter>
    </ClInclude>
    <ClInclude Include="TextureManager.h">
      <Filter>Header Files</Filter>
    </ClInclude>
  </ItemGroup>
  <ItemGroup>
    <Image Include="..\..\..\..\Dropbox (Personal)\COP3503C\Minesweeper\Minesweeper\images\debug.png">
      <Filter>Resource Files</Filter>
    </Image>
    <Image Include="..\..\..\..\Dropbox (Personal)\COP3503C\Minesweeper\Minesweeper\images\digits.png">
      <Filter>Resource Files</Filter>
    </Image>
    <Image Include="..\..\..\..\Dropbox (Personal)\COP3503C\Minesweeper\Minesweeper\images\face_happy.png">
      <Filter>Resource Files</Filter>
    </Image>
    <Image Include="..\..\..\..\Dropbox (Personal)\COP3503C\Minesweeper\Minesweeper\images\face_lose.png">
      <Filter>Resource Files</Filter>
    </Image>
    <Image Include="..\..\..\..\Dropbox (Personal)\COP3503C\Minesweeper\Minesweeper\images\face_win.png">
      <Filter>Resource Files</Filter>
    </Image>
    <Image Include="..\..\..\..\Dropbox (Personal)\COP3503C\Minesweeper\Minesweeper\images\flag.png">
      <Filter>Resource Files</Filter>
    </Image>
    <Image Include="..\..\..\..\Dropbox (Personal)\COP3503C\Minesweeper\Minesweeper\images\mine.png">
      <Filter>Resource Files</Filter>
    </Image>
    <Image Include="..\..\..\..\Dropbox (Personal)\COP3503C\Minesweeper\Minesweeper\images\number_1.png">
      <Filter>Resource Files</Filter>
    </Image>
    <Image Include="..\..\..\..\Dropbox (Personal)\COP3503C\Minesweeper\Minesweeper\images\number_2.png">
      <Filter>Resource Files</Filter>
    </Image>
    <Image Include="..\..\..\..\Dropbox (Personal)\COP3503C\Minesweeper\Minesweeper\images\number_3.png">
      <Filter>Resource Files</Filter>
    </Image>
    <Image Include="..\..\..\..\Dropbox (Personal)\COP3503C\Minesweeper\Minesweeper\images\number_4.png">
      <Filter>Resource Files</Filter>
    </Image>
    <Image Include="..\..\..\..\Dropbox (Personal)\COP3503C\Minesweeper\Minesweeper\images\number_5.png">
      <Filter>Resource Files</Filter>
    </Image>
    <Image Include="..\..\..\..\Dropbox (Personal)\COP3503C\Minesweeper\Minesweeper\images\number_6.png">
      <Filter>Resource Files</Filter>
    </Image>
    <Image Include="..\..\..\..\Dropbox (Personal)\COP3503C\Minesweeper\Minesweeper\images\number_7.png">
      <Filter>Resource Files</Filter>
    </Image>
    <Image Include="..\..\..\..\Dropbox (Personal)\COP3503C\Minesweeper\Minesweeper\images\number_8.png">
      <Filter>Resource Files</Filter>
    </Image>
    <Image Include="..\..\..\..\Dropbox (Personal)\COP3503C\Minesweeper\Minesweeper\images\test_1.png">
      <Filter>Resource Files</Filter>
    </Image>
    <Image Include="..\..\..\..\Dropbox (Personal)\COP3503C\Minesweeper\Minesweeper\images\test_2.png">
      <Filter>Resource Files</Filter>
    </Image>
    <Image Include="..\..\..\..\Dropbox (Personal)\COP3503C\Minesweeper\Minesweeper\images\test_3.png">
      <Filter>Resource Files</Filter>
    </Image>
    <Image Include="..\..\..\..\Dropbox (Personal)\COP3503C\Minesweeper\Minesweeper\images\tile_hidden.png">
      <Filter>Resource Files</Filter>
    </Image>
    <Image Include="..\..\..\..\Dropbox (Personal)\COP3503C\Minesweeper\Minesweeper\images\tile_revealed.png">
      <Filter>Resource Files</Filter>
    </Image>
  </ItemGroup>
  <ItemGroup>
    <None Include="..\..\..\..\Dropbox (Personal)\COP3503C\Minesweeper\Minesweeper\boards\config.cfg">
      <Filter>Resource Files</Filter>
    </None>
    <None Include="..\..\..\..\Dropbox (Personal)\COP3503C\Minesweeper\Minesweeper\boards\lots_o_mines.brd">
      <Filter>Resource Files</Filter>
    </None>
    <None Include="..\..\..\..\Dropbox (Personal)\COP3503C\Minesweeper\Minesweeper\boards\recursion_test.brd">
      <Filter>Resource Files</Filter>
    </None>
    <None Include="..\..\..\..\Dropbox (Personal)\COP3503C\Minesweeper\Minesweeper\boards\testboard1.brd">
      <Filter>Resource Files</Filter>
    </None>
    <None Include="..\..\..\..\Dropbox (Personal)\COP3503C\Minesweeper\Minesweeper\boards\testboard2.brd">
      <Filter>Resource Files</Filter>
    </None>
    <None Include="..\..\..\..\Dropbox (Personal)\COP3503C\Minesweeper\Minesweeper\boards\testboard3.brd">
      <Filter>Resource Files</Filter>
    </None>
  </ItemGroup>
</Project>